
Microsoft Visual Studio Solution File, Format Version 12.00
Project("{FAE04EC0-301F-11D3-BF4B-00C04F79EFBC}") = "FabulousScheduler.Core", "FabulousScheduler.Core\FabulousScheduler.Core.csproj", "{0E000792-BB5A-4AEA-9246-2CA5970F6C5B}"
EndProject
Project("{FAE04EC0-301F-11D3-BF4B-00C04F79EFBC}") = "FabulousScheduler.Cron", "FabulousScheduler.Cron\FabulousScheduler.Cron.csproj", "{43CD3484-95D2-4755-80C3-1E73C27B3271}"
EndProject
Project("{FAE04EC0-301F-11D3-BF4B-00C04F79EFBC}") = "FabulousScheduler.Queue", "FabulousScheduler.Queue\FabulousScheduler.Queue.csproj", "{6441434F-81B4-4CE6-8AAB-74EB3A5C6FA0}"
EndProject
Project("{FAE04EC0-301F-11D3-BF4B-00C04F79EFBC}") = "FabulousScheduler.UnitTests", "FabulousScheduler.UnitTests\FabulousScheduler.UnitTests.csproj", "{D23C88D5-CA54-45F8-97C1-60CE00A45509}"
EndProject
Project("{FAE04EC0-301F-11D3-BF4B-00C04F79EFBC}") = "FabulousScheduler", "FabulousScheduler\FabulousScheduler.csproj", "{F85BB55E-326C-451B-8916-B0536091216E}"
EndProject
Project("{2150E333-8FDC-42A3-9474-1A3956D46DE8}") = "Samples", "Samples", "{253A32F6-B196-4885-A8AB-8E50A0060AF3}"
EndProject
Project("{FAE04EC0-301F-11D3-BF4B-00C04F79EFBC}") = "FabulousScheduler.CronSample", "Samples\FabulousScheduler.CronSample\FabulousScheduler.CronSample.csproj", "{CA2A6645-14F0-46FA-98C0-1F76AFBAD639}"
EndProject
Global
	GlobalSection(SolutionConfigurationPlatforms) = preSolution
		Debug|Any CPU = Debug|Any CPU
		Release|Any CPU = Release|Any CPU
	EndGlobalSection
	GlobalSection(ProjectConfigurationPlatforms) = postSolution
		{0E000792-BB5A-4AEA-9246-2CA5970F6C5B}.Debug|Any CPU.ActiveCfg = Debug|Any CPU
		{0E000792-BB5A-4AEA-9246-2CA5970F6C5B}.Debug|Any CPU.Build.0 = Debug|Any CPU
		{0E000792-BB5A-4AEA-9246-2CA5970F6C5B}.Release|Any CPU.ActiveCfg = Release|Any CPU
		{0E000792-BB5A-4AEA-9246-2CA5970F6C5B}.Release|Any CPU.Build.0 = Release|Any CPU
		{43CD3484-95D2-4755-80C3-1E73C27B3271}.Debug|Any CPU.ActiveCfg = Debug|Any CPU
		{43CD3484-95D2-4755-80C3-1E73C27B3271}.Debug|Any CPU.Build.0 = Debug|Any CPU
		{43CD3484-95D2-4755-80C3-1E73C27B3271}.Release|Any CPU.ActiveCfg = Release|Any CPU
		{43CD3484-95D2-4755-80C3-1E73C27B3271}.Release|Any CPU.Build.0 = Release|Any CPU
		{6441434F-81B4-4CE6-8AAB-74EB3A5C6FA0}.Debug|Any CPU.ActiveCfg = Debug|Any CPU
		{6441434F-81B4-4CE6-8AAB-74EB3A5C6FA0}.Debug|Any CPU.Build.0 = Debug|Any CPU
		{6441434F-81B4-4CE6-8AAB-74EB3A5C6FA0}.Release|Any CPU.ActiveCfg = Release|Any CPU
		{6441434F-81B4-4CE6-8AAB-74EB3A5C6FA0}.Release|Any CPU.Build.0 = Release|Any CPU
		{D23C88D5-CA54-45F8-97C1-60CE00A45509}.Debug|Any CPU.ActiveCfg = Debug|Any CPU
		{D23C88D5-CA54-45F8-97C1-60CE00A45509}.Debug|Any CPU.Build.0 = Debug|Any CPU
		{D23C88D5-CA54-45F8-97C1-60CE00A45509}.Release|Any CPU.ActiveCfg = Release|Any CPU
		{D23C88D5-CA54-45F8-97C1-60CE00A45509}.Release|Any CPU.Build.0 = Release|Any CPU
		{F85BB55E-326C-451B-8916-B0536091216E}.Debug|Any CPU.ActiveCfg = Debug|Any CPU
		{F85BB55E-326C-451B-8916-B0536091216E}.Debug|Any CPU.Build.0 = Debug|Any CPU
		{F85BB55E-326C-451B-8916-B0536091216E}.Release|Any CPU.ActiveCfg = Release|Any CPU
		{F85BB55E-326C-451B-8916-B0536091216E}.Release|Any CPU.Build.0 = Release|Any CPU
		{CA2A6645-14F0-46FA-98C0-1F76AFBAD639}.Debug|Any CPU.ActiveCfg = Debug|Any CPU
		{CA2A6645-14F0-46FA-98C0-1F76AFBAD639}.Debug|Any CPU.Build.0 = Debug|Any CPU
		{CA2A6645-14F0-46FA-98C0-1F76AFBAD639}.Release|Any CPU.ActiveCfg = Release|Any CPU
		{CA2A6645-14F0-46FA-98C0-1F76AFBAD639}.Release|Any CPU.Build.0 = Release|Any CPU
	EndGlobalSection
	GlobalSection(NestedProjects) = preSolution
		{CA2A6645-14F0-46FA-98C0-1F76AFBAD639} = {253A32F6-B196-4885-A8AB-8E50A0060AF3}
	EndGlobalSection
EndGlobal
